
Microsoft Visual Studio Solution File, Format Version 12.00
# Visual Studio Version 16
VisualStudioVersion = 16.0.31605.320
MinimumVisualStudioVersion = 10.0.40219.1
Project("{FAE04EC0-301F-11D3-BF4B-00C04F79EFBC}") = "ConsoleApp", "Console\ConsoleApp.csproj", "{FE6F6930-43E8-4A77-B4DD-F5175CD59066}"
EndProject
Project("{FAE04EC0-301F-11D3-BF4B-00C04F79EFBC}") = "Data", "Data\Data.csproj", "{93176E17-7C87-4155-9D00-E12965A062CB}"
EndProject
Project("{FAE04EC0-301F-11D3-BF4B-00C04F79EFBC}") = "Domain", "Domain\Domain.csproj", "{E79BB45D-BE1A-4FED-83CC-50CF4873B54D}"
EndProject
Global
	GlobalSection(SolutionConfigurationPlatforms) = preSolution
		Debug|Any CPU = Debug|Any CPU
		Release|Any CPU = Release|Any CPU
	EndGlobalSection
	GlobalSection(ProjectConfigurationPlatforms) = postSolution
		{FE6F6930-43E8-4A77-B4DD-F5175CD59066}.Debug|Any CPU.ActiveCfg = Debug|Any CPU
		{FE6F6930-43E8-4A77-B4DD-F5175CD59066}.Debug|Any CPU.Build.0 = Debug|Any CPU
		{FE6F6930-43E8-4A77-B4DD-F5175CD59066}.Release|Any CPU.ActiveCfg = Release|Any CPU
		{FE6F6930-43E8-4A77-B4DD-F5175CD59066}.Release|Any CPU.Build.0 = Release|Any CPU
		{93176E17-7C87-4155-9D00-E12965A062CB}.Debug|Any CPU.ActiveCfg = Debug|Any CPU
		{93176E17-7C87-4155-9D00-E12965A062CB}.Debug|Any CPU.Build.0 = Debug|Any CPU
		{93176E17-7C87-4155-9D00-E12965A062CB}.Release|Any CPU.ActiveCfg = Release|Any CPU
		{93176E17-7C87-4155-9D00-E12965A062CB}.Release|Any CPU.Build.0 = Release|Any CPU
		{E79BB45D-BE1A-4FED-83CC-50CF4873B54D}.Debug|Any CPU.ActiveCfg = Debug|Any CPU
		{E79BB45D-BE1A-4FED-83CC-50CF4873B54D}.Debug|Any CPU.Build.0 = Debug|Any CPU
		{E79BB45D-BE1A-4FED-83CC-50CF4873B54D}.Release|Any CPU.ActiveCfg = Release|Any CPU
		{E79BB45D-BE1A-4FED-83CC-50CF4873B54D}.Release|Any CPU.Build.0 = Release|Any CPU
	EndGlobalSection
	GlobalSection(SolutionProperties) = preSolution
		HideSolutionNode = FALSE
	EndGlobalSection
	GlobalSection(ExtensibilityGlobals) = postSolution
		SolutionGuid = {560A5065-B222-447F-A105-C57AC9AC60B2}
	EndGlobalSection
EndGlobal
